
Microsoft Visual Studio Solution File, Format Version 12.00
# Visual Studio Version 17
VisualStudioVersion = 17.7.34009.444
MinimumVisualStudioVersion = 10.0.40219.1
Project("{9A19103F-16F7-4668-BE54-9A1E7A4F7556}") = "MoviesApp", "MoviesApp\MoviesApp.csproj", "{3D7A16B2-3AA8-409F-8E2D-EA0E60B4DC6F}"
EndProject
Project("{9A19103F-16F7-4668-BE54-9A1E7A4F7556}") = "MoviesApp.Domain", "MoviesApp.Domain\MoviesApp.Domain.csproj", "{5A0A45B2-0311-481C-A23F-A7BEF83C94C7}"
EndProject
Project("{9A19103F-16F7-4668-BE54-9A1E7A4F7556}") = "MoviesApp.DataAccess", "MoviesApp.DataAccess\MoviesApp.DataAccess.csproj", "{DD106E3D-3035-4991-86EB-D2D036FC5AE8}"
EndProject
Project("{9A19103F-16F7-4668-BE54-9A1E7A4F7556}") = "MoviesApp.Services", "MoviesApp.Services\MoviesApp.Services.csproj", "{EC48A752-4E16-454C-8C04-7658658362B3}"
EndProject
Project("{9A19103F-16F7-4668-BE54-9A1E7A4F7556}") = "MoviesApp.DTOs", "MovisApp.DTOs\MoviesApp.DTOs.csproj", "{D66AC235-1C13-49E7-9F4E-62165CAC697E}"
EndProject
Project("{9A19103F-16F7-4668-BE54-9A1E7A4F7556}") = "MoviesApp.Mappers", "MoviesApp.Mappers\MoviesApp.Mappers.csproj", "{716EC8D5-1460-4C92-BB44-AB529A4B50EF}"
EndProject
Project("{9A19103F-16F7-4668-BE54-9A1E7A4F7556}") = "MoviesApp.Helpers", "MoviesApp.Helpers\MoviesApp.Helpers.csproj", "{F475194A-DD04-4640-8061-6D6946445F6E}"
EndProject
Project("{9A19103F-16F7-4668-BE54-9A1E7A4F7556}") = "MoviesApp.CustomExeptions", "CustomExeptions\MoviesApp.CustomExeptions.csproj", "{29BAF34D-4E05-49D5-8E44-C54CFEDE2136}"
EndProject
Project("{FAE04EC0-301F-11D3-BF4B-00C04F79EFBC}") = "MoviesApp.CryptoService", "CryptoService\MoviesApp.CryptoService.csproj", "{B73DCE46-501A-41C8-9D26-4708DECB05D6}"
EndProject
Global
	GlobalSection(SolutionConfigurationPlatforms) = preSolution
		Debug|Any CPU = Debug|Any CPU
		Release|Any CPU = Release|Any CPU
	EndGlobalSection
	GlobalSection(ProjectConfigurationPlatforms) = postSolution
		{3D7A16B2-3AA8-409F-8E2D-EA0E60B4DC6F}.Debug|Any CPU.ActiveCfg = Debug|Any CPU
		{3D7A16B2-3AA8-409F-8E2D-EA0E60B4DC6F}.Debug|Any CPU.Build.0 = Debug|Any CPU
		{3D7A16B2-3AA8-409F-8E2D-EA0E60B4DC6F}.Release|Any CPU.ActiveCfg = Release|Any CPU
		{3D7A16B2-3AA8-409F-8E2D-EA0E60B4DC6F}.Release|Any CPU.Build.0 = Release|Any CPU
		{5A0A45B2-0311-481C-A23F-A7BEF83C94C7}.Debug|Any CPU.ActiveCfg = Debug|Any CPU
		{5A0A45B2-0311-481C-A23F-A7BEF83C94C7}.Debug|Any CPU.Build.0 = Debug|Any CPU
		{5A0A45B2-0311-481C-A23F-A7BEF83C94C7}.Release|Any CPU.ActiveCfg = Release|Any CPU
		{5A0A45B2-0311-481C-A23F-A7BEF83C94C7}.Release|Any CPU.Build.0 = Release|Any CPU
		{DD106E3D-3035-4991-86EB-D2D036FC5AE8}.Debug|Any CPU.ActiveCfg = Debug|Any CPU
		{DD106E3D-3035-4991-86EB-D2D036FC5AE8}.Debug|Any CPU.Build.0 = Debug|Any CPU
		{DD106E3D-3035-4991-86EB-D2D036FC5AE8}.Release|Any CPU.ActiveCfg = Release|Any CPU
		{DD106E3D-3035-4991-86EB-D2D036FC5AE8}.Release|Any CPU.Build.0 = Release|Any CPU
		{EC48A752-4E16-454C-8C04-7658658362B3}.Debug|Any CPU.ActiveCfg = Debug|Any CPU
		{EC48A752-4E16-454C-8C04-7658658362B3}.Debug|Any CPU.Build.0 = Debug|Any CPU
		{EC48A752-4E16-454C-8C04-7658658362B3}.Release|Any CPU.ActiveCfg = Release|Any CPU
		{EC48A752-4E16-454C-8C04-7658658362B3}.Release|Any CPU.Build.0 = Release|Any CPU
		{D66AC235-1C13-49E7-9F4E-62165CAC697E}.Debug|Any CPU.ActiveCfg = Debug|Any CPU
		{D66AC235-1C13-49E7-9F4E-62165CAC697E}.Debug|Any CPU.Build.0 = Debug|Any CPU
		{D66AC235-1C13-49E7-9F4E-62165CAC697E}.Release|Any CPU.ActiveCfg = Release|Any CPU
		{D66AC235-1C13-49E7-9F4E-62165CAC697E}.Release|Any CPU.Build.0 = Release|Any CPU
		{716EC8D5-1460-4C92-BB44-AB529A4B50EF}.Debug|Any CPU.ActiveCfg = Debug|Any CPU
		{716EC8D5-1460-4C92-BB44-AB529A4B50EF}.Debug|Any CPU.Build.0 = Debug|Any CPU
		{716EC8D5-1460-4C92-BB44-AB529A4B50EF}.Release|Any CPU.ActiveCfg = Release|Any CPU
		{716EC8D5-1460-4C92-BB44-AB529A4B50EF}.Release|Any CPU.Build.0 = Release|Any CPU
		{F475194A-DD04-4640-8061-6D6946445F6E}.Debug|Any CPU.ActiveCfg = Debug|Any CPU
		{F475194A-DD04-4640-8061-6D6946445F6E}.Debug|Any CPU.Build.0 = Debug|Any CPU
		{F475194A-DD04-4640-8061-6D6946445F6E}.Release|Any CPU.ActiveCfg = Release|Any CPU
		{F475194A-DD04-4640-8061-6D6946445F6E}.Release|Any CPU.Build.0 = Release|Any CPU
		{29BAF34D-4E05-49D5-8E44-C54CFEDE2136}.Debug|Any CPU.ActiveCfg = Debug|Any CPU
		{29BAF34D-4E05-49D5-8E44-C54CFEDE2136}.Debug|Any CPU.Build.0 = Debug|Any CPU
		{29BAF34D-4E05-49D5-8E44-C54CFEDE2136}.Release|Any CPU.ActiveCfg = Release|Any CPU
		{29BAF34D-4E05-49D5-8E44-C54CFEDE2136}.Release|Any CPU.Build.0 = Release|Any CPU
		{B73DCE46-501A-41C8-9D26-4708DECB05D6}.Debug|Any CPU.ActiveCfg = Debug|Any CPU
		{B73DCE46-501A-41C8-9D26-4708DECB05D6}.Debug|Any CPU.Build.0 = Debug|Any CPU
		{B73DCE46-501A-41C8-9D26-4708DECB05D6}.Release|Any CPU.ActiveCfg = Release|Any CPU
		{B73DCE46-501A-41C8-9D26-4708DECB05D6}.Release|Any CPU.Build.0 = Release|Any CPU
	EndGlobalSection
	GlobalSection(SolutionProperties) = preSolution
		HideSolutionNode = FALSE
	EndGlobalSection
	GlobalSection(ExtensibilityGlobals) = postSolution
		SolutionGuid = {597C955F-BD81-45B2-939B-B4B2CD11EE01}
	EndGlobalSection
EndGlobal
